
Microsoft Visual Studio Solution File, Format Version 12.00
# Visual Studio Version 17
VisualStudioVersion = 17.11.35312.102
MinimumVisualStudioVersion = 10.0.40219.1
Project("{FAE04EC0-301F-11D3-BF4B-00C04F79EFBC}") = "Cilibia_Malina_Lab4", "Cilibia_Malina_Lab4.csproj", "{00EA3B1E-5FC9-4AA7-9CAB-C45B93E8E9B8}"
EndProject
Global
	GlobalSection(SolutionConfigurationPlatforms) = preSolution
		Debug|Any CPU = Debug|Any CPU
		Release|Any CPU = Release|Any CPU
	EndGlobalSection
	GlobalSection(ProjectConfigurationPlatforms) = postSolution
		{00EA3B1E-5FC9-4AA7-9CAB-C45B93E8E9B8}.Debug|Any CPU.ActiveCfg = Debug|Any CPU
		{00EA3B1E-5FC9-4AA7-9CAB-C45B93E8E9B8}.Debug|Any CPU.Build.0 = Debug|Any CPU
		{00EA3B1E-5FC9-4AA7-9CAB-C45B93E8E9B8}.Release|Any CPU.ActiveCfg = Release|Any CPU
		{00EA3B1E-5FC9-4AA7-9CAB-C45B93E8E9B8}.Release|Any CPU.Build.0 = Release|Any CPU
	EndGlobalSection
	GlobalSection(SolutionProperties) = preSolution
		HideSolutionNode = FALSE
	EndGlobalSection
	GlobalSection(ExtensibilityGlobals) = postSolution
		SolutionGuid = {36106A57-3A76-488C-889E-AC836FA36DD7}
	EndGlobalSection
EndGlobal
